
Microsoft Visual Studio Solution File, Format Version 12.00
# Visual Studio Version 17
VisualStudioVersion = 17.8.34322.80
MinimumVisualStudioVersion = 10.0.40219.1
Project("{FAE04EC0-301F-11D3-BF4B-00C04F79EFBC}") = "ConsoleApp5", "ConsoleApp5\ConsoleApp5.csproj", "{F133B327-9ECE-4F29-8339-E45C7E686380}"
EndProject
Global
	GlobalSection(SolutionConfigurationPlatforms) = preSolution
		Debug|Any CPU = Debug|Any CPU
		Release|Any CPU = Release|Any CPU
	EndGlobalSection
	GlobalSection(ProjectConfigurationPlatforms) = postSolution
		{F133B327-9ECE-4F29-8339-E45C7E686380}.Debug|Any CPU.ActiveCfg = Debug|Any CPU
		{F133B327-9ECE-4F29-8339-E45C7E686380}.Debug|Any CPU.Build.0 = Debug|Any CPU
		{F133B327-9ECE-4F29-8339-E45C7E686380}.Release|Any CPU.ActiveCfg = Release|Any CPU
		{F133B327-9ECE-4F29-8339-E45C7E686380}.Release|Any CPU.Build.0 = Release|Any CPU
	EndGlobalSection
	GlobalSection(SolutionProperties) = preSolution
		HideSolutionNode = FALSE
	EndGlobalSection
	GlobalSection(ExtensibilityGlobals) = postSolution
		SolutionGuid = {88AB0080-954E-4B28-914D-215EFA644F05}
	EndGlobalSection
EndGlobal
